
Microsoft Visual Studio Solution File, Format Version 12.00
# Visual Studio 15
VisualStudioVersion = 15.0.26730.3
MinimumVisualStudioVersion = 10.0.40219.1
Project("{9A19103F-16F7-4668-BE54-9A1E7A4F7556}") = "Benchmarks", "Benchmarks\Benchmarks.csproj", "{4BF51E0A-9031-4C22-B7A7-8EEA0D813139}"
EndProject
Global
	GlobalSection(SolutionConfigurationPlatforms) = preSolution
		Debug|Any CPU = Debug|Any CPU
		Release|Any CPU = Release|Any CPU
	EndGlobalSection
	GlobalSection(ProjectConfigurationPlatforms) = postSolution
		{4BF51E0A-9031-4C22-B7A7-8EEA0D813139}.Debug|Any CPU.ActiveCfg = Debug|Any CPU
		{4BF51E0A-9031-4C22-B7A7-8EEA0D813139}.Debug|Any CPU.Build.0 = Debug|Any CPU
		{4BF51E0A-9031-4C22-B7A7-8EEA0D813139}.Release|Any CPU.ActiveCfg = Release|Any CPU
		{4BF51E0A-9031-4C22-B7A7-8EEA0D813139}.Release|Any CPU.Build.0 = Release|Any CPU
	EndGlobalSection
	GlobalSection(SolutionProperties) = preSolution
		HideSolutionNode = FALSE
	EndGlobalSection
	GlobalSection(ExtensibilityGlobals) = postSolution
		SolutionGuid = {5E7D4035-1BC9-4631-AD2C-2F8B704A9A6E}
	EndGlobalSection
EndGlobal
